
Microsoft Visual Studio Solution File, Format Version 12.00
# Visual Studio Version 16
VisualStudioVersion = 16.0.29409.12
MinimumVisualStudioVersion = 10.0.40219.1
Project("{FAE04EC0-301F-11D3-BF4B-00C04F79EFBC}") = "FlappyBird (OOP)", "FlappyBird (OOP)\FlappyBird (OOP).csproj", "{496EFA43-EC9F-4D9A-991D-C01C4FC7DF1D}"
EndProject
Global
	GlobalSection(SolutionConfigurationPlatforms) = preSolution
		Debug|Any CPU = Debug|Any CPU
		Release|Any CPU = Release|Any CPU
	EndGlobalSection
	GlobalSection(ProjectConfigurationPlatforms) = postSolution
		{496EFA43-EC9F-4D9A-991D-C01C4FC7DF1D}.Debug|Any CPU.ActiveCfg = Debug|Any CPU
		{496EFA43-EC9F-4D9A-991D-C01C4FC7DF1D}.Debug|Any CPU.Build.0 = Debug|Any CPU
		{496EFA43-EC9F-4D9A-991D-C01C4FC7DF1D}.Release|Any CPU.ActiveCfg = Release|Any CPU
		{496EFA43-EC9F-4D9A-991D-C01C4FC7DF1D}.Release|Any CPU.Build.0 = Release|Any CPU
	EndGlobalSection
	GlobalSection(SolutionProperties) = preSolution
		HideSolutionNode = FALSE
	EndGlobalSection
	GlobalSection(ExtensibilityGlobals) = postSolution
		SolutionGuid = {BDF8FBC7-9A57-45A1-8577-910D7B94CC42}
	EndGlobalSection
EndGlobal
